lockfileVersion: '9.0'

settings:
  autoInstallPeers: true
  excludeLinksFromLockfile: false

importers:

  .: {}

  apps/web:
    dependencies:
      '@faultline/agent-capabilities':
        specifier: workspace:*
        version: link:../../packages/agent-capabilities
      '@faultline/challenges':
        specifier: workspace:*
        version: link:../../packages/challenges
      '@faultline/component-catalog':
        specifier: workspace:*
        version: link:../../packages/component-catalog
      '@faultline/core':
        specifier: workspace:*
        version: link:../../packages/core
      '@faultline/simulator':
        specifier: workspace:*
        version: link:../../packages/simulator
      '@next/env':
        specifier: 16.1.6
        version: 16.1.6
      '@supabase/ssr':
        specifier: ^0.8.0
        version: 0.8.0(@supabase/supabase-js@2.112.4)
      '@supabase/supabase-js':
        specifier: ^2.112.4
        version: 2.112.4
      '@xyflow/react':
        specifier: ^12.11.5
        version: 12.11.5(@types/react-dom@19.2.3(@types/react@19.2.7))(@types/react@19.2.7)(react-dom@19.2.4(react@19.2.4))(react@19.2.4)
      ai:
        specifier: ^7.0.82
        version: 7.0.82(zod@4.4.3)
      next:
        specifier: 16.1.6
        version: 16.1.6(react-dom@19.2.4(react@19.2.4))(react@19.2.4)
      react:
        specifier: 19.2.4
        version: 19.2.4
      react-dom:
        specifier: 19.2.4
        version: 19.2.4(react@19.2.4)
    devDependencies:
      '@types/node':
        specifier: 24.10.1
        version: 24.10.1
      '@types/react':
        specifier: 19.2.7
        version: 19.2.7
      '@types/react-dom':
        specifier: 19.2.3
        version: 19.2.3(@types/react@19.2.7)
      typescript:
        specifier: 5.9.3
        version: 5.9.3

  packages/agent-capabilities:
    dependencies:
      '@faultline/core':
        specifier: workspace:*
        version: link:../core
    devDependencies:
      '@types/node':
        specifier: 24.10.1
        version: 24.10.1
      typescript:
        specifier: 5.9.3
        version: 5.9.3

  packages/challenges:
    dependencies:
      '@faultline/core':
        specifier: workspace:*
        version: link:../core
    devDependencies:
      '@types/node':
        specifier: 24.10.1
        version: 24.10.1
      typescript:
        specifier: 5.9.3
        version: 5.9.3

  packages/component-catalog:
    dependencies:
      '@faultline/core':
        specifier: workspace:*
        version: link:../core
    devDependencies:
      typescript:
        specifier: 5.9.3
        version: 5.9.3

  packages/core:
    devDependencies:
      typescript:
        specifier: 5.9.3
        version: 5.9.3

  packages/simulator:
    dependencies:
      '@faultline/challenges':
        specifier: workspace:*
        version: link:../challenges
      '@faultline/component-catalog':
        specifier: workspace:*
        version: link:../component-catalog
      '@faultline/core':
        specifier: workspace:*
        version: link:../core
    devDependencies:
      typescript:
        specifier: 5.9.3
        version: 5.9.3

  packages/webmcp: {}

packages:

  '@ai-sdk/gateway@4.0.67':
    resolution: {integrity: sha512-LtyxLkg7dZ2iz8Ouh1806BJbA+q+FKc/mXUCl4v/wdNNIGtbfk80dNtlhqjhqOZa4dnfc3caVafRL7ocxzoegA==}
    engines: {node: '>=22'}
    peerDependencies:
      zod: ^3.25.76 || ^4.1.8

  '@ai-sdk/provider-utils@5.0.32':
    resolution: {integrity: sha512-MZUhlINn6FzKIWuX3T36h+yM9d7bG+yatH+kC99ZCe0DHxXfP73KwaoLiLcZDPQDamFyO3umPPBLJieZJyG4DQ==}
    engines: {node: '>=22'}
    peerDependencies:
      zod: ^3.25.76 || ^4.1.8

  '@ai-sdk/provider@4.0.8':
    resolution: {integrity: sha512-aWO7iwhFUGf347tCwNGggggfmZigaSu7TF739IZSrWWABUp7zkb4Cr3fMqvBe5EIS7ABJJu3Cadn0g/zs1G0QQ==}
    engines: {node: '>=22'}

  '@emnapi/runtime@1.11.3':
    resolution: {integrity: sha512-Xz4Tpyki7XyrpbUK1jR1AhdAdaXyhhY4lZ3neLodmhpuWfy2PAQN5B46sAiU4liOXGLkHypn/qU+jvfWSCYYLA==}

  '@img/colour@1.1.0':
    resolution: {integrity: sha512-Td76q7j57o/tLVdgS746cYARfSyxk8iEfRxewL9h4OMzYhbW4TAcppl0mT4eyqXddh6L/jwoM75mo7ixa/pCeQ==}
    engines: {node: '>=18'}

  '@img/sharp-darwin-arm64@0.34.5':
    resolution: {integrity: sha512-imtQ3WMJXbMY4fxb/Ndp6HBTNVtWCUI0WdobyheGf5+ad6xX8VIDO8u2xE4qc/fr08CKG/7dDseFtn6M6g/r3w==}
    engines: {node: ^18.17.0 || ^20.3.0 || >=21.0.0}
    cpu: [arm64]
    os: [darwin]

  '@img/sharp-darwin-x64@0.34.5':
    resolution: {integrity: sha512-YNEFAF/4KQ/PeW0N+r+aVVsoIY0/qxxikF2SWdp+NRkmMB7y9LBZAVqQ4yhGCm/H3H270OSykqmQMKLBhBJDEw==}
    engines: {node: ^18.17.0 || ^20.3.0 || >=21.0.0}
    cpu: [x64]
    os: [darwin]

  '@img/sharp-libvips-darwin-arm64@1.2.4':
    resolution: {integrity: sha512-zqjjo7RatFfFoP0MkQ51jfuFZBnVE2pRiaydKJ1G/rHZvnsrHAOcQALIi9sA5co5xenQdTugCvtb1cuf78Vf4g==}
    cpu: [arm64]
    os: [darwin]

  '@img/sharp-libvips-darwin-x64@1.2.4':
    resolution: {integrity: sha512-1IOd5xfVhlGwX+zXv2N93k0yMONvUlANylbJw1eTah8K/Jtpi15KC+WSiaX/nBmbm2HxRM1gZ0nSdjSsrZbGKg==}
    cpu: [x64]
    os: [darwin]

  '@img/sharp-libvips-linux-arm64@1.2.4':
    resolution: {integrity: sha512-excjX8DfsIcJ10x1Kzr4RcWe1edC9PquDRRPx3YVCvQv+U5p7Yin2s32ftzikXojb1PIFc/9Mt28/y+iRklkrw==}
    cpu: [arm64]
    os: [linux]

  '@img/sharp-libvips-linux-arm@1.2.4':
    resolution: {integrity: sha512-bFI7xcKFELdiNCVov8e44Ia4u2byA+l3XtsAj+Q8tfCwO6BQ8iDojYdvoPMqsKDkuoOo+X6HZA0s0q11ANMQ8A==}
    cpu: [arm]
    os: [linux]

  '@img/sharp-libvips-linux-ppc64@1.2.4':
    resolution: {integrity: sha512-FMuvGijLDYG6lW+b/UvyilUWu5Ayu+3r2d1S8notiGCIyYU/76eig1UfMmkZ7vwgOrzKzlQbFSuQfgm7GYUPpA==}
    cpu: [ppc64]
    os: [linux]

  '@img/sharp-libvips-linux-riscv64@1.2.4':
    resolution: {integrity: sha512-oVDbcR4zUC0ce82teubSm+x6ETixtKZBh/qbREIOcI3cULzDyb18Sr/Wcyx7NRQeQzOiHTNbZFF1UwPS2scyGA==}
    cpu: [riscv64]
    os: [linux]

  '@img/sharp-libvips-linux-s390x@1.2.4':
    resolution: {integrity: sha512-qmp9VrzgPgMoGZyPvrQHqk02uyjA0/QrTO26Tqk6l4ZV0MPWIW6LTkqOIov+J1yEu7MbFQaDpwdwJKhbJvuRxQ==}
    cpu: [s390x]
    os: [linux]

  '@img/sharp-libvips-linux-x64@1.2.4':
    resolution: {integrity: sha512-tJxiiLsmHc9Ax1bz3oaOYBURTXGIRDODBqhveVHonrHJ9/+k89qbLl0bcJns+e4t4rvaNBxaEZsFtSfAdquPrw==}
    cpu: [x64]
    os: [linux]

  '@img/sharp-libvips-linuxmusl-arm64@1.2.4':
    resolution: {integrity: sha512-FVQHuwx1IIuNow9QAbYUzJ+En8KcVm9Lk5+uGUQJHaZmMECZmOlix9HnH7n1TRkXMS0pGxIJokIVB9SuqZGGXw==}
    cpu: [arm64]
    os: [linux]

  '@img/sharp-libvips-linuxmusl-x64@1.2.4':
    resolution: {integrity: sha512-+LpyBk7L44ZIXwz/VYfglaX/okxezESc6UxDSoyo2Ks6Jxc4Y7sGjpgU9s4PMgqgjj1gZCylTieNamqA1MF7Dg==}
    cpu: [x64]
    os: [linux]

  '@img/sharp-linux-arm64@0.34.5':
    resolution: {integrity: sha512-bKQzaJRY/bkPOXyKx5EVup7qkaojECG6NLYswgktOZjaXecSAeCWiZwwiFf3/Y+O1HrauiE3FVsGxFg8c24rZg==}
    engines: {node: ^18.17.0 || ^20.3.0 || >=21.0.0}
    cpu: [arm64]
    os: [linux]

  '@img/sharp-linux-arm@0.34.5':
    resolution: {integrity: sha512-9dLqsvwtg1uuXBGZKsxem9595+ujv0sJ6Vi8wcTANSFpwV/GONat5eCkzQo/1O6zRIkh0m/8+5BjrRr7jDUSZw==}
    engines: {node: ^18.17.0 || ^20.3.0 || >=21.0.0}
    cpu: [arm]
    os: [linux]

  '@img/sharp-linux-ppc64@0.34.5':
    resolution: {integrity: sha512-7zznwNaqW6YtsfrGGDA6BRkISKAAE1Jo0QdpNYXNMHu2+0dTrPflTLNkpc8l7MUP5M16ZJcUvysVWWrMefZquA==}
    engines: {node: ^18.17.0 || ^20.3.0 || >=21.0.0}
    cpu: [ppc64]
    os: [linux]

  '@img/sharp-linux-riscv64@0.34.5':
    resolution: {integrity: sha512-51gJuLPTKa7piYPaVs8GmByo7/U7/7TZOq+cnXJIHZKavIRHAP77e3N2HEl3dgiqdD/w0yUfiJnII77PuDDFdw==}
    engines: {node: ^18.17.0 || ^20.3.0 || >=21.0.0}
    cpu: [riscv64]
    os: [linux]

  '@img/sharp-linux-s390x@0.34.5':
    resolution: {integrity: sha512-nQtCk0PdKfho3eC5MrbQoigJ2gd1CgddUMkabUj+rBevs8tZ2cULOx46E7oyX+04WGfABgIwmMC0VqieTiR4jg==}
    engines: {node: ^18.17.0 || ^20.3.0 || >=21.0.0}
    cpu: [s390x]
    os: [linux]

  '@img/sharp-linux-x64@0.34.5':
    resolution: {integrity: sha512-MEzd8HPKxVxVenwAa+JRPwEC7QFjoPWuS5NZnBt6B3pu7EG2Ge0id1oLHZpPJdn3OQK+BQDiw9zStiHBTJQQQQ==}
    engines: {node: ^18.17.0 || ^20.3.0 || >=21.0.0}
    cpu: [x64]
    os: [linux]

  '@img/sharp-linuxmusl-arm64@0.34.5':
    resolution: {integrity: sha512-fprJR6GtRsMt6Kyfq44IsChVZeGN97gTD331weR1ex1c1rypDEABN6Tm2xa1wE6lYb5DdEnk03NZPqA7Id21yg==}
    engines: {node: ^18.17.0 || ^20.3.0 || >=21.0.0}
    cpu: [arm64]
    os: [linux]

  '@img/sharp-linuxmusl-x64@0.34.5':
    resolution: {integrity: sha512-Jg8wNT1MUzIvhBFxViqrEhWDGzqymo3sV7z7ZsaWbZNDLXRJZoRGrjulp60YYtV4wfY8VIKcWidjojlLcWrd8Q==}
    engines: {node: ^18.17.0 || ^20.3.0 || >=21.0.0}
    cpu: [x64]
    os: [linux]

  '@img/sharp-wasm32@0.34.5':
    resolution: {integrity: sha512-OdWTEiVkY2PHwqkbBI8frFxQQFekHaSSkUIJkwzclWZe64O1X4UlUjqqqLaPbUpMOQk6FBu/HtlGXNblIs0huw==}
    engines: {node: ^18.17.0 || ^20.3.0 || >=21.0.0}
    cpu: [wasm32]

  '@img/sharp-win32-arm64@0.34.5':
    resolution: {integrity: sha512-WQ3AgWCWYSb2yt+IG8mnC6Jdk9Whs7O0gxphblsLvdhSpSTtmu69ZG1Gkb6NuvxsNACwiPV6cNSZNzt0KPsw7g==}
    engines: {node: ^18.17.0 || ^20.3.0 || >=21.0.0}
    cpu: [arm64]
    os: [win32]

  '@img/sharp-win32-ia32@0.34.5':
    resolution: {integrity: sha512-FV9m/7NmeCmSHDD5j4+4pNI8Cp3aW+JvLoXcTUo0IqyjSfAZJ8dIUmijx1qaJsIiU+Hosw6xM5KijAWRJCSgNg==}
    engines: {node: ^18.17.0 || ^20.3.0 || >=21.0.0}
    cpu: [ia32]
    os: [win32]

  '@img/sharp-win32-x64@0.34.5':
    resolution: {integrity: sha512-+29YMsqY2/9eFEiW93eqWnuLcWcufowXewwSNIT6UwZdUUCrM3oFjMWH/Z6/TMmb4hlFenmfAVbpWeup2jryCw==}
    engines: {node: ^18.17.0 || ^20.3.0 || >=21.0.0}
    cpu: [x64]
    os: [win32]

  '@next/env@16.1.6':
    resolution: {integrity: sha512-N1ySLuZjnAtN3kFnwhAwPvZah8RJxKasD7x1f8shFqhncnWZn4JMfg37diLNuoHsLAlrDfM3g4mawVdtAG8XLQ==}

  '@next/swc-darwin-arm64@16.1.6':
    resolution: {integrity: sha512-wTzYulosJr/6nFnqGW7FrG3jfUUlEf8UjGA0/pyypJl42ExdVgC6xJgcXQ+V8QFn6niSG2Pb8+MIG1mZr2vczw==}
    engines: {node: '>= 10'}
    cpu: [arm64]
    os: [darwin]

  '@next/swc-darwin-x64@16.1.6':
    resolution: {integrity: sha512-BLFPYPDO+MNJsiDWbeVzqvYd4NyuRrEYVB5k2N3JfWncuHAy2IVwMAOlVQDFjj+krkWzhY2apvmekMkfQR0CUQ==}
    engines: {node: '>= 10'}
    cpu: [x64]
    os: [darwin]

  '@next/swc-linux-arm64-gnu@16.1.6':
    resolution: {integrity: sha512-OJYkCd5pj/QloBvoEcJ2XiMnlJkRv9idWA/j0ugSuA34gMT6f5b7vOiCQHVRpvStoZUknhl6/UxOXL4OwtdaBw==}
    engines: {node: '>= 10'}
    cpu: [arm64]
    os: [linux]

  '@next/swc-linux-arm64-musl@16.1.6':
    resolution: {integrity: sha512-S4J2v+8tT3NIO9u2q+S0G5KdvNDjXfAv06OhfOzNDaBn5rw84DGXWndOEB7d5/x852A20sW1M56vhC/tRVbccQ==}
    engines: {node: '>= 10'}
    cpu: [arm64]
    os: [linux]

  '@next/swc-linux-x64-gnu@16.1.6':
    resolution: {integrity: sha512-2eEBDkFlMMNQnkTyPBhQOAyn2qMxyG2eE7GPH2WIDGEpEILcBPI/jdSv4t6xupSP+ot/jkfrCShLAa7+ZUPcJQ==}
    engines: {node: '>= 10'}
    cpu: [x64]
    os: [linux]

  '@next/swc-linux-x64-musl@16.1.6':
    resolution: {integrity: sha512-oicJwRlyOoZXVlxmIMaTq7f8pN9QNbdes0q2FXfRsPhfCi8n8JmOZJm5oo1pwDaFbnnD421rVU409M3evFbIqg==}
    engines: {node: '>= 10'}
    cpu: [x64]
    os: [linux]

  '@next/swc-win32-arm64-msvc@16.1.6':
    resolution: {integrity: sha512-gQmm8izDTPgs+DCWH22kcDmuUp7NyiJgEl18bcr8irXA5N2m2O+JQIr6f3ct42GOs9c0h8QF3L5SzIxcYAAXXw==}
    engines: {node: '>= 10'}
    cpu: [arm64]
    os: [win32]

  '@next/swc-win32-x64-msvc@16.1.6':
    resolution: {integrity: sha512-NRfO39AIrzBnixKbjuo2YiYhB6o9d8v/ymU9m/Xk8cyVk+k7XylniXkHwjs4s70wedVffc6bQNbufk5v0xEm0A==}
    engines: {node: '>= 10'}
    cpu: [x64]
    os: [win32]

  '@standard-schema/spec@1.1.0':
    resolution: {integrity: sha512-l2aFy5jALhniG5HgqrD6jXLi/rUWrKvqN/qJx6yoJsgKhblVd+iqqU4RCXavm/jPityDo5TCvKMnpjKnOriy0w==}

  '@supabase/auth-js@2.112.4':
    resolution: {integrity: sha512-z8DesgwLzKM5PiT0yNmJU8VJyh1zAhYi+20Z7drdJQLXg/wWW4yGt/un+He5ERYUo94Vz66t5aeyr1DIDemI5A==}
    engines: {node: '>=22.0.0'}

  '@supabase/functions-js@2.112.4':
    resolution: {integrity: sha512-DQ0aVH8wSQAccVqNoEkec62qCu2QRNyoGN53RqsVZ1k6F1zq4/v8scrlR6LNT2RJmT97apiTmORijPVhErCS2g==}
    engines: {node: '>=22.0.0'}

  '@supabase/phoenix@0.4.5':
    resolution: {integrity: sha512-aAn9H9ovVyeApKy11OWOrrOGq8DV68yWeH4ud2lN9fzn4aO8Zb5GLL9m1pUg9nLqIcT+ZDfAcsZe0E/nqdv2lw==}

  '@supabase/postgrest-js@2.112.4':
    resolution: {integrity: sha512-uaubtPSeg2TR4wrtfQoQWgkTAe+a0qWX2KhmwvTfNl5mGN9+U7owiJt6abk3o/V6O899PSRD1yzxs5RlF4xTug==}
    engines: {node: '>=22.0.0'}

  '@supabase/realtime-js@2.112.4':
    resolution: {integrity: sha512-vZ+j079SKrM0Xiq7MJCvQKLDpaH2kfKfLY68xuQE1sqsCsMmx1CyrDBJHsxZ3cX01VOs5SI9igmoZAF3BmdZxw==}
    engines: {node: '>=22.0.0'}

  '@supabase/ssr@0.8.0':
    resolution: {integrity: sha512-/PKk8kNFSs8QvvJ2vOww1mF5/c5W8y42duYtXvkOSe+yZKRgTTZywYG2l41pjhNomqESZCpZtXuWmYjFRMV+dw==}
    peerDependencies:
      '@supabase/supabase-js': ^2.76.1

  '@supabase/storage-js@2.112.4':
    resolution: {integrity: sha512-lQ0JemuTlMIXVKgSci1qez8yPnM5hyDngeAfEBjZS2Om4D+Cus0EE5BE6glFobrxdyii1OF4UzWfF0zcQgDq5A==}
    engines: {node: '>=22.0.0'}

  '@supabase/supabase-js@2.112.4':
    resolution: {integrity: sha512-UiCX1udlFY1fQQrO7Z3GU7obQsju0w5Vk9mOOwalfo/+Gy+tahWVenSSuu5E/GTy/q//HxvGv2IrCdW66/61kw==}
    engines: {node: '>=22.0.0'}
    peerDependencies:
      '@opentelemetry/api': '>=1.0.0'
    peerDependenciesMeta:
      '@opentelemetry/api':
        optional: true

  '@swc/helpers@0.5.15':
    resolution: {integrity: sha512-JQ5TuMi45Owi4/BIMAJBoSQoOJu12oOk/gADqlcUL9JEdHB8vyjUSsxqeNXnmXHjYKMi2WcYtezGEEhqUI/E2g==}

  '@types/d3-color@3.1.3':
    resolution: {integrity: sha512-iO90scth9WAbmgv7ogoq57O9YpKmFBbmoEoCHDB2xMBY0+/KVrqAaCDyCE16dUspeOvIxFFRI+0sEtqDqy2b4A==}

  '@types/d3-drag@3.0.7':
    resolution: {integrity: sha512-HE3jVKlzU9AaMazNufooRJ5ZpWmLIoc90A37WU2JMmeq28w1FQqCZswHZ3xR+SuxYftzHq6WU6KJHvqxKzTxxQ==}

  '@types/d3-interpolate@3.0.4':
    resolution: {integrity: sha512-mgLPETlrpVV1YRJIglr4Ez47g7Yxjl1lj7YKsiMCb27VJH9W8NVM6Bb9d8kkpG/uAQS5AmbA48q2IAolKKo1MA==}

  '@types/d3-selection@3.0.11':
    resolution: {integrity: sha512-bhAXu23DJWsrI45xafYpkQ4NtcKMwWnAC/vKrd2l+nxMFuvOT3XMYTIj2opv8vq8AO5Yh7Qac/nSeP/3zjTK0w==}

  '@types/d3-transition@3.0.9':
    resolution: {integrity: sha512-uZS5shfxzO3rGlu0cC3bjmMFKsXv+SmZZcgp0KD22ts4uGXp5EVYGzu/0YdwZeKmddhcAccYtREJKkPfXkZuCg==}

  '@types/d3-zoom@3.0.8':
    resolution: {integrity: sha512-iqMC4/YlFCSlO8+2Ii1GGGliCAY4XdeG748w5vQUbevlbDu0zSjH/+jojorQVBK/se0j6DUFNPBGSqD3YWYnDw==}

  '@types/node@24.10.1':
    resolution: {integrity: sha512-GNWcUTRBgIRJD5zj+Tq0fKOJ5XZajIiBroOF0yvj2bSU1WvNdYS/dn9UxwsujGW4JX06dnHyjV2y9rRaybH0iQ==}

  '@types/react-dom@19.2.3':
    resolution: {integrity: sha512-jp2L/eY6fn+KgVVQAOqYItbF0VY/YApe5Mz2F0aykSO8gx31bYCZyvSeYxCHKvzHG5eZjc+zyaS5BrBWya2+kQ==}
    peerDependencies:
      '@types/react': ^19.2.0

  '@types/react@19.2.7':
    resolution: {integrity: sha512-MWtvHrGZLFttgeEj28VXHxpmwYbor/ATPYbBfSFZEIRK0ecCFLl2Qo55z52Hss+UV9CRN7trSeq1zbgx7YDWWg==}

  '@vercel/oidc@3.2.0':
    resolution: {integrity: sha512-UycprH3T6n3jH0k44NHMa7pnFHGu/N05MjojYr+Mc6I7obkoLIJujSWwin1pCvdy/eOxrI/l3uDLQsmcrOb4ug==}
    engines: {node: '>= 20'}

  '@workflow/serde@4.1.0':
    resolution: {integrity: sha512-pav4F2BoirECWR7Nf1TKt+2eETcBj7jj4cBefQ8VXQCA6NPkaKeLfj/zMgi+3zYV5ZIBT4GuUiphsj0/b9hPQQ==}

  '@xyflow/react@12.11.5':
    resolution: {integrity: sha512-QqoryGkqEhWBuQN9bZWRKhwr3Uoj9lCGj/tg0NnIWHHEOXV+5c8cYsc7Q9TST63V92lHqcNV9P5cjvJ9ZAmblQ==}
    peerDependencies:
      '@types/react': '>=17'
      '@types/react-dom': '>=17'
      react: '>=17'
      react-dom: '>=17'
    peerDependenciesMeta:
      '@types/react':
        optional: true
      '@types/react-dom':
        optional: true

  '@xyflow/system@0.0.81':
    resolution: {integrity: sha512-hfbafW4i7uLq7ILok8QWFFm4KMFw22lbZNJHKfHOMSOOoCk5e5m8yfr84UV9NaJajmogWaLVnp2XFU9JQejlqg==}

  ai@7.0.82:
    resolution: {integrity: sha512-XRl4uMQyTSn5LPRs75HAb75K27T2IeQ/6oesgBCMMVaQZ2le6pqGrDrVZOrDIujLKtHgStp09H3dZ4CwFnVe3A==}
    engines: {node: '>=22'}
    peerDependencies:
      zod: ^3.25.76 || ^4.1.8

  baseline-browser-mapping@2.11.19:
    resolution: {integrity: sha512-Grytf1xOxOEMTGRwx6rLGKkTabd4vMg3VrKdj/7joCmV0qgh4QwMMO6xh34YEXQqirAuUdgQGa5orJQQ+69RBw==}
    engines: {node: '>=6.0.0'}
    hasBin: true

  caniuse-lite@1.0.30001810:
    resolution: {integrity: sha512-TITQPUkaz+aVk5GL6NhOdwk1aEaNTSDPsGFWrTuhKGtjTF70jL/Oht2W4c6rXUe5fu7Ie19VIahAXHIIiWWNeg==}

  classcat@5.0.5:
    resolution: {integrity: sha512-JhZUT7JFcQy/EzW605k/ktHtncoo9vnyW/2GspNYwFlN1C/WmjuV/xtS04e9SOkL2sTdw0VAZ2UGCcQ9lR6p6w==}

  client-only@0.0.1:
    resolution: {integrity: sha512-IV3Ou0jSMzZrd3pZ48nLkT9DA7Ag1pnPzaiQhpW7c3RbcqqzvzzVu+L8gfqMp/8IM2MQtSiqaCxrrcfu8I8rMA==}

  cookie@1.1.1:
    resolution: {integrity: sha512-ei8Aos7ja0weRpFzJnEA9UHJ/7XQmqglbRwnf2ATjcB9Wq874VKH9kfjjirM6UhU2/E5fFYadylyhFldcqSidQ==}
    engines: {node: '>=18'}

  csstype@3.2.3:
    resolution: {integrity: sha512-z1HGKcYy2xA8AGQfwrn0PAy+PB7X/GSj3UVJW9qKyn43xWa+gl5nXmU4qqLMRzWVLFC8KusUX8T/0kCiOYpAIQ==}

  d3-color@3.1.0:
    resolution: {integrity: sha512-zg/chbXyeBtMQ1LbD/WSoW2DpC3I0mpmPdW+ynRTj/x2DAWYrIY7qeZIHidozwV24m4iavr15lNwIwLxRmOxhA==}
    engines: {node: '>=12'}

  d3-dispatch@3.0.1:
    resolution: {integrity: sha512-rzUyPU/S7rwUflMyLc1ETDeBj0NRuHKKAcvukozwhshr6g6c5d8zh4c2gQjY2bZ0dXeGLWc1PF174P2tVvKhfg==}
    engines: {node: '>=12'}

  d3-drag@3.0.0:
    resolution: {integrity: sha512-pWbUJLdETVA8lQNJecMxoXfH6x+mO2UQo8rSmZ+QqxcbyA3hfeprFgIT//HW2nlHChWeIIMwS2Fq+gEARkhTkg==}
    engines: {node: '>=12'}

  d3-ease@3.0.1:
    resolution: {integrity: sha512-wR/XK3D3XcLIZwpbvQwQ5fK+8Ykds1ip7A2Txe0yxncXSdq1L9skcG7blcedkOX+ZcgxGAmLX1FrRGbADwzi0w==}
    engines: {node: '>=12'}

  d3-interpolate@3.0.1:
    resolution: {integrity: sha512-3bYs1rOD33uo8aqJfKP3JWPAibgw8Zm2+L9vBKEHJ2Rg+viTR7o5Mmv5mZcieN+FRYaAOWX5SJATX6k1PWz72g==}
    engines: {node: '>=12'}

  d3-selection@3.0.0:
    resolution: {integrity: sha512-fmTRWbNMmsmWq6xJV8D19U/gw/bwrHfNXxrIN+HfZgnzqTHp9jOmKMhsTUjXOJnZOdZY9Q28y4yebKzqDKlxlQ==}
    engines: {node: '>=12'}

  d3-timer@3.0.1:
    resolution: {integrity: sha512-ndfJ/JxxMd3nw31uyKoY2naivF+r29V+Lc0svZxe1JvvIRmi8hUsrMvdOwgS1o6uBHmiz91geQ0ylPP0aj1VUA==}
    engines: {node: '>=12'}

  d3-transition@3.0.1:
    resolution: {integrity: sha512-ApKvfjsSR6tg06xrL434C0WydLr7JewBB3V+/39RMHsaXTOG0zmt/OAXeng5M5LBm0ojmxJrpomQVZ1aPvBL4w==}
    engines: {node: '>=12'}
    peerDependencies:
      d3-selection: 2 - 3

  d3-zoom@3.0.0:
    resolution: {integrity: sha512-b8AmV3kfQaqWAuacbPuNbL6vahnOJflOhexLzMMNLga62+/nh0JzvJ0aO/5a5MVgUFGS7Hu1P9P03o3fJkDCyw==}
    engines: {node: '>=12'}

  detect-libc@2.1.2:
    resolution: {integrity: sha512-Btj2BOOO83o3WyH59e8MgXsxEQVcarkUOpEYrubB0urwnN10yQ364rsiByU11nZlqWYZm05i/of7io4mzihBtQ==}
    engines: {node: '>=8'}

  eventsource-parser@3.1.1:
    resolution: {integrity: sha512-EKN1vKAMcZ8MlYMpaNuxN6R9yakzH6uajHcHVTqWJzvu5pWw9DyhbP35HH8MVBQ+dZjAfDxk+A8NiR9KWaXiyQ==}
    engines: {node: '>=18.0.0'}

  iceberg-js@0.8.1:
    resolution: {integrity: sha512-1dhVQZXhcHje7798IVM+xoo/1ZdVfzOMIc8/rgVSijRK38EDqOJoGula9N/8ZI5RD8QTxNQtK/Gozpr+qUqRRA==}
    engines: {node: '>=20.0.0'}

  json-schema@0.4.0:
    resolution: {integrity: sha512-es94M3nTIfsEPisRafak+HDLfHXnKBhV3vU5eqPcS3flIWqcxJWgXHXiey3YrpaNsanY5ei1VoYEbOzijuq9BA==}

  nanoid@3.3.18:
    resolution: {integrity: sha512-DTg4MJbGMWkfi6VZFdNt2/caMbQy4Ou+Op/hJQvGEWcnVfoA1QA+xzRKAzw9jD6+GVOOeYr/mIcuDSdug6F6+w==}
    engines: {node: ^10 || ^12 || ^13.7 || ^14 || >=15.0.1}
    hasBin: true

  next@16.1.6:
    resolution: {integrity: sha512-hkyRkcu5x/41KoqnROkfTm2pZVbKxvbZRuNvKXLRXxs3VfyO0WhY50TQS40EuKO9SW3rBj/sF3WbVwDACeMZyw==}
    engines: {node: '>=20.9.0'}
    hasBin: true
    peerDependencies:
      '@opentelemetry/api': ^1.1.0
      '@playwright/test': ^1.51.1
      babel-plugin-react-compiler: '*'
      react: ^18.2.0 || 19.0.0-rc-de68d2f4-20241204 || ^19.0.0
      react-dom: ^18.2.0 || 19.0.0-rc-de68d2f4-20241204 || ^19.0.0
      sass: ^1.3.0
    peerDependenciesMeta:
      '@opentelemetry/api':
        optional: true
      '@playwright/test':
        optional: true
      babel-plugin-react-compiler:
        optional: true
      sass:
        optional: true

  picocolors@1.1.1:
    resolution: {integrity: sha512-xceH2snhtb5M9liqDsmEw56le376mTZkEX/jEb/RxNFyegNul7eNslCXP9FDj/Lcu0X8KEyMceP2ntpaHrDEVA==}

  postcss@8.4.31:
    resolution: {integrity: sha512-PS08Iboia9mts/2ygV3eLpY5ghnUcfLV/EXTOW1E2qYxJKGGBUtNjN76FYHnMs36RmARn41bC0AZmn+rR0OVpQ==}
    engines: {node: ^10 || ^12 || >=14}

  react-dom@19.2.4:
    resolution: {integrity: sha512-AXJdLo8kgMbimY95O2aKQqsz2iWi9jMgKJhRBAxECE4IFxfcazB2LmzloIoibJI3C12IlY20+KFaLv+71bUJeQ==}
    peerDependencies:
      react: ^19.2.4

  react@19.2.4:
    resolution: {integrity: sha512-9nfp2hYpCwOjAN+8TZFGhtWEwgvWHXqESH8qT89AT/lWklpLON22Lc8pEtnpsZz7VmawabSU0gCjnj8aC0euHQ==}
    engines: {node: '>=0.10.0'}

  scheduler@0.27.0:
    resolution: {integrity: sha512-eNv+WrVbKu1f3vbYJT/xtiF5syA5HPIMtf9IgY/nKg0sWqzAUEvqY/xm7OcZc/qafLx/iO9FgOmeSAp4v5ti/Q==}

  semver@7.8.5:
    resolution: {integrity: sha512-Y7/KDsb8LjooZpwaqGyulO6DQlksgCncchHGk+sZIY4SBvUocMBEFH5Ur1fI4dV+Jvl0w6cjvucaIi40puRioA==}
    engines: {node: '>=10'}
    hasBin: true

  sharp@0.34.5:
    resolution: {integrity: sha512-Ou9I5Ft9WNcCbXrU9cMgPBcCK8LiwLqcbywW3t4oDV37n1pzpuNLsYiAV8eODnjbtQlSDwZ2cUEeQz4E54Hltg==}
    engines: {node: ^18.17.0 || ^20.3.0 || >=21.0.0}

  source-map-js@1.2.1:
    resolution: {integrity: sha512-UXWMKhLOwVKb728IUtQPXxfYU+usdybtUrK/8uGE8CQMvrhOpwvzDBwj0QhSL7MQc7vIsISBG8VQ8+IDQxpfQA==}
    engines: {node: '>=0.10.0'}

  styled-jsx@5.1.6:
    resolution: {integrity: sha512-qSVyDTeMotdvQYoHWLNGwRFJHC+i+ZvdBRYosOFgC+Wg1vx4frN2/RG/NA7SYqqvKNLf39P2LSRA2pu6n0XYZA==}
    engines: {node: '>= 12.0.0'}
    peerDependencies:
      '@babel/core': '*'
      babel-plugin-macros: '*'
      react: '>= 16.8.0 || 17.x.x || ^18.0.0-0 || ^19.0.0-0'
    peerDependenciesMeta:
      '@babel/core':
        optional: true
      babel-plugin-macros:
        optional: true

  tslib@2.8.1:
    resolution: {integrity: sha512-oJFu94HQb+KVduSUQL7wnpmqnfmLsOA/nAh6b6EH0wCEoK0/mPeXU6c3wKDV83MkOuHPRHtSXKKU99IBazS/2w==}

  typescript@5.9.3:
    resolution: {integrity: sha512-jl1vZzPDinLr9eUt3J/t7V6FgNEw9QjvBPdysz9KfQDD41fQrC2Y4vKQdiaUpFT4bXlb1RHhLpp8wtm6M5TgSw==}
    engines: {node: '>=14.17'}
    hasBin: true

  undici-types@7.16.0:
    resolution: {integrity: sha512-Zz+aZWSj8LE6zoxD+xrjh4VfkIG8Ya6LvYkZqtUQGJPZjYl53ypCaUwWqo7eI0x66KBGeRo+mlBEkMSeSZ38Nw==}

  undici@7.29.0:
    resolution: {integrity: sha512-IDxfleLmmbSskfWSUATiN1nfn2rDuvnMOqb5CWR92iIfojA0Ud+ulOAAEQ57LPr9rWmsreUyf5lwyao+7GNNVw==}
    engines: {node: '>=20.18.1'}

  use-sync-external-store@1.6.0:
    resolution: {integrity: sha512-Pp6GSwGP/NrPIrxVFAIkOQeyw8lFenOHijQWkUTrDvrF4ALqylP2C/KCkeS9dpUM3KvYRQhna5vt7IL95+ZQ9w==}
    peerDependencies:
      react: ^16.8.0 || ^17.0.0 || ^18.0.0 || ^19.0.0

  zod@4.4.3:
    resolution: {integrity: sha512-ytENFjIJFl2UwYglde2jchW2Hwm4GJFLDiSXWdTrJQBIN9Fcyp7n4DhxJEiWNAJMV1/BqWfW/kkg71UDcHJyTQ==}

  zustand@4.5.7:
    resolution: {integrity: sha512-CHOUy7mu3lbD6o6LJLfllpjkzhHXSBlX8B9+qPddUsIfeF5S/UZ5q0kmCsnRqT1UHFQZchNFDDzMbQsuesHWlw==}
    engines: {node: '>=12.7.0'}
    peerDependencies:
      '@types/react': '>=16.8'
      immer: '>=9.0.6'
      react: '>=16.8'
    peerDependenciesMeta:
      '@types/react':
        optional: true
      immer:
        optional: true
      react:
        optional: true

snapshots:

  '@ai-sdk/gateway@4.0.67(zod@4.4.3)':
    dependencies:
      '@ai-sdk/provider': 4.0.8
      '@ai-sdk/provider-utils': 5.0.32(zod@4.4.3)
      '@vercel/oidc': 3.2.0
      zod: 4.4.3

  '@ai-sdk/provider-utils@5.0.32(zod@4.4.3)':
    dependencies:
      '@ai-sdk/provider': 4.0.8
      '@standard-schema/spec': 1.1.0
      '@workflow/serde': 4.1.0
      eventsource-parser: 3.1.1
      undici: 7.29.0
      zod: 4.4.3

  '@ai-sdk/provider@4.0.8':
    dependencies:
      json-schema: 0.4.0

  '@emnapi/runtime@1.11.3':
    dependencies:
      tslib: 2.8.1
    optional: true

  '@img/colour@1.1.0':
    optional: true

  '@img/sharp-darwin-arm64@0.34.5':
    optionalDependencies:
      '@img/sharp-libvips-darwin-arm64': 1.2.4
    optional: true

  '@img/sharp-darwin-x64@0.34.5':
    optionalDependencies:
      '@img/sharp-libvips-darwin-x64': 1.2.4
    optional: true

  '@img/sharp-libvips-darwin-arm64@1.2.4':
    optional: true

  '@img/sharp-libvips-darwin-x64@1.2.4':
    optional: true

  '@img/sharp-libvips-linux-arm64@1.2.4':
    optional: true

  '@img/sharp-libvips-linux-arm@1.2.4':
    optional: true

  '@img/sharp-libvips-linux-ppc64@1.2.4':
    optional: true

  '@img/sharp-libvips-linux-riscv64@1.2.4':
    optional: true

  '@img/sharp-libvips-linux-s390x@1.2.4':
    optional: true

  '@img/sharp-libvips-linux-x64@1.2.4':
    optional: true

  '@img/sharp-libvips-linuxmusl-arm64@1.2.4':
    optional: true

  '@img/sharp-libvips-linuxmusl-x64@1.2.4':
    optional: true

  '@img/sharp-linux-arm64@0.34.5':
    optionalDependencies:
      '@img/sharp-libvips-linux-arm64': 1.2.4
    optional: true

  '@img/sharp-linux-arm@0.34.5':
    optionalDependencies:
      '@img/sharp-libvips-linux-arm': 1.2.4
    optional: true

  '@img/sharp-linux-ppc64@0.34.5':
    optionalDependencies:
      '@img/sharp-libvips-linux-ppc64': 1.2.4
    optional: true

  '@img/sharp-linux-riscv64@0.34.5':
    optionalDependencies:
      '@img/sharp-libvips-linux-riscv64': 1.2.4
    optional: true

  '@img/sharp-linux-s390x@0.34.5':
    optionalDependencies:
      '@img/sharp-libvips-linux-s390x': 1.2.4
    optional: true

  '@img/sharp-linux-x64@0.34.5':
    optionalDependencies:
      '@img/sharp-libvips-linux-x64': 1.2.4
    optional: true

  '@img/sharp-linuxmusl-arm64@0.34.5':
    optionalDependencies:
      '@img/sharp-libvips-linuxmusl-arm64': 1.2.4
    optional: true

  '@img/sharp-linuxmusl-x64@0.34.5':
    optionalDependencies:
      '@img/sharp-libvips-linuxmusl-x64': 1.2.4
    optional: true

  '@img/sharp-wasm32@0.34.5':
    dependencies:
      '@emnapi/runtime': 1.11.3
    optional: true

  '@img/sharp-win32-arm64@0.34.5':
    optional: true

  '@img/sharp-win32-ia32@0.34.5':
    optional: true

  '@img/sharp-win32-x64@0.34.5':
    optional: true

  '@next/env@16.1.6': {}

  '@next/swc-darwin-arm64@16.1.6':
    optional: true

  '@next/swc-darwin-x64@16.1.6':
    optional: true

  '@next/swc-linux-arm64-gnu@16.1.6':
    optional: true

  '@next/swc-linux-arm64-musl@16.1.6':
    optional: true

  '@next/swc-linux-x64-gnu@16.1.6':
    optional: true

  '@next/swc-linux-x64-musl@16.1.6':
    optional: true

  '@next/swc-win32-arm64-msvc@16.1.6':
    optional: true

  '@next/swc-win32-x64-msvc@16.1.6':
    optional: true

  '@standard-schema/spec@1.1.0': {}

  '@supabase/auth-js@2.112.4':
    dependencies:
      tslib: 2.8.1

  '@supabase/functions-js@2.112.4':
    dependencies:
      tslib: 2.8.1

  '@supabase/phoenix@0.4.5': {}

  '@supabase/postgrest-js@2.112.4':
    dependencies:
      tslib: 2.8.1

  '@supabase/realtime-js@2.112.4':
    dependencies:
      '@supabase/phoenix': 0.4.5
      tslib: 2.8.1

  '@supabase/ssr@0.8.0(@supabase/supabase-js@2.112.4)':
    dependencies:
      '@supabase/supabase-js': 2.112.4
      cookie: 1.1.1

  '@supabase/storage-js@2.112.4':
    dependencies:
      iceberg-js: 0.8.1
      tslib: 2.8.1

  '@supabase/supabase-js@2.112.4':
    dependencies:
      '@supabase/auth-js': 2.112.4
      '@supabase/functions-js': 2.112.4
      '@supabase/postgrest-js': 2.112.4
      '@supabase/realtime-js': 2.112.4
      '@supabase/storage-js': 2.112.4

  '@swc/helpers@0.5.15':
    dependencies:
      tslib: 2.8.1

  '@types/d3-color@3.1.3': {}

  '@types/d3-drag@3.0.7':
    dependencies:
      '@types/d3-selection': 3.0.11

  '@types/d3-interpolate@3.0.4':
    dependencies:
      '@types/d3-color': 3.1.3

  '@types/d3-selection@3.0.11': {}

  '@types/d3-transition@3.0.9':
    dependencies:
      '@types/d3-selection': 3.0.11

  '@types/d3-zoom@3.0.8':
    dependencies:
      '@types/d3-interpolate': 3.0.4
      '@types/d3-selection': 3.0.11

  '@types/node@24.10.1':
    dependencies:
      undici-types: 7.16.0

  '@types/react-dom@19.2.3(@types/react@19.2.7)':
    dependencies:
      '@types/react': 19.2.7

  '@types/react@19.2.7':
    dependencies:
      csstype: 3.2.3

  '@vercel/oidc@3.2.0': {}

  '@workflow/serde@4.1.0': {}

  '@xyflow/react@12.11.5(@types/react-dom@19.2.3(@types/react@19.2.7))(@types/react@19.2.7)(react-dom@19.2.4(react@19.2.4))(react@19.2.4)':
    dependencies:
      '@xyflow/system': 0.0.81
      classcat: 5.0.5
      react: 19.2.4
      react-dom: 19.2.4(react@19.2.4)
      zustand: 4.5.7(@types/react@19.2.7)(react@19.2.4)
    optionalDependencies:
      '@types/react': 19.2.7
      '@types/react-dom': 19.2.3(@types/react@19.2.7)
    transitivePeerDependencies:
      - immer

  '@xyflow/system@0.0.81':
    dependencies:
      '@types/d3-drag': 3.0.7
      '@types/d3-interpolate': 3.0.4
      '@types/d3-selection': 3.0.11
      '@types/d3-transition': 3.0.9
      '@types/d3-zoom': 3.0.8
      d3-drag: 3.0.0
      d3-interpolate: 3.0.1
      d3-selection: 3.0.0
      d3-zoom: 3.0.0

  ai@7.0.82(zod@4.4.3):
    dependencies:
      '@ai-sdk/gateway': 4.0.67(zod@4.4.3)
      '@ai-sdk/provider': 4.0.8
      '@ai-sdk/provider-utils': 5.0.32(zod@4.4.3)
      zod: 4.4.3

  baseline-browser-mapping@2.11.19: {}

  caniuse-lite@1.0.30001810: {}

  classcat@5.0.5: {}

  client-only@0.0.1: {}

  cookie@1.1.1: {}

  csstype@3.2.3: {}

  d3-color@3.1.0: {}

  d3-dispatch@3.0.1: {}

  d3-drag@3.0.0:
    dependencies:
      d3-dispatch: 3.0.1
      d3-selection: 3.0.0

  d3-ease@3.0.1: {}

  d3-interpolate@3.0.1:
    dependencies:
      d3-color: 3.1.0

  d3-selection@3.0.0: {}

  d3-timer@3.0.1: {}

  d3-transition@3.0.1(d3-selection@3.0.0):
    dependencies:
      d3-color: 3.1.0
      d3-dispatch: 3.0.1
      d3-ease: 3.0.1
      d3-interpolate: 3.0.1
      d3-selection: 3.0.0
      d3-timer: 3.0.1

  d3-zoom@3.0.0:
    dependencies:
      d3-dispatch: 3.0.1
      d3-drag: 3.0.0
      d3-interpolate: 3.0.1
      d3-selection: 3.0.0
      d3-transition: 3.0.1(d3-selection@3.0.0)

  detect-libc@2.1.2:
    optional: true

  eventsource-parser@3.1.1: {}

  iceberg-js@0.8.1: {}

  json-schema@0.4.0: {}

  nanoid@3.3.18: {}

  next@16.1.6(react-dom@19.2.4(react@19.2.4))(react@19.2.4):
    dependencies:
      '@next/env': 16.1.6
      '@swc/helpers': 0.5.15
      baseline-browser-mapping: 2.11.19
      caniuse-lite: 1.0.30001810
      postcss: 8.4.31
      react: 19.2.4
      react-dom: 19.2.4(react@19.2.4)
      styled-jsx: 5.1.6(react@19.2.4)
    optionalDependencies:
      '@next/swc-darwin-arm64': 16.1.6
      '@next/swc-darwin-x64': 16.1.6
      '@next/swc-linux-arm64-gnu': 16.1.6
      '@next/swc-linux-arm64-musl': 16.1.6
      '@next/swc-linux-x64-gnu': 16.1.6
      '@next/swc-linux-x64-musl': 16.1.6
      '@next/swc-win32-arm64-msvc': 16.1.6
      '@next/swc-win32-x64-msvc': 16.1.6
      sharp: 0.34.5
    transitivePeerDependencies:
      - '@babel/core'
      - babel-plugin-macros

  picocolors@1.1.1: {}

  postcss@8.4.31:
    dependencies:
      nanoid: 3.3.18
      picocolors: 1.1.1
      source-map-js: 1.2.1

  react-dom@19.2.4(react@19.2.4):
    dependencies:
      react: 19.2.4
      scheduler: 0.27.0

  react@19.2.4: {}

  scheduler@0.27.0: {}

  semver@7.8.5:
    optional: true

  sharp@0.34.5:
    dependencies:
      '@img/colour': 1.1.0
      detect-libc: 2.1.2
      semver: 7.8.5
    optionalDependencies:
      '@img/sharp-darwin-arm64': 0.34.5
      '@img/sharp-darwin-x64': 0.34.5
      '@img/sharp-libvips-darwin-arm64': 1.2.4
      '@img/sharp-libvips-darwin-x64': 1.2.4
      '@img/sharp-libvips-linux-arm': 1.2.4
      '@img/sharp-libvips-linux-arm64': 1.2.4
      '@img/sharp-libvips-linux-ppc64': 1.2.4
      '@img/sharp-libvips-linux-riscv64': 1.2.4
      '@img/sharp-libvips-linux-s390x': 1.2.4
      '@img/sharp-libvips-linux-x64': 1.2.4
      '@img/sharp-libvips-linuxmusl-arm64': 1.2.4
      '@img/sharp-libvips-linuxmusl-x64': 1.2.4
      '@img/sharp-linux-arm': 0.34.5
      '@img/sharp-linux-arm64': 0.34.5
      '@img/sharp-linux-ppc64': 0.34.5
      '@img/sharp-linux-riscv64': 0.34.5
      '@img/sharp-linux-s390x': 0.34.5
      '@img/sharp-linux-x64': 0.34.5
      '@img/sharp-linuxmusl-arm64': 0.34.5
      '@img/sharp-linuxmusl-x64': 0.34.5
      '@img/sharp-wasm32': 0.34.5
      '@img/sharp-win32-arm64': 0.34.5
      '@img/sharp-win32-ia32': 0.34.5
      '@img/sharp-win32-x64': 0.34.5
    optional: true

  source-map-js@1.2.1: {}

  styled-jsx@5.1.6(react@19.2.4):
    dependencies:
      client-only: 0.0.1
      react: 19.2.4

  tslib@2.8.1: {}

  typescript@5.9.3: {}

  undici-types@7.16.0: {}

  undici@7.29.0: {}

  use-sync-external-store@1.6.0(react@19.2.4):
    dependencies:
      react: 19.2.4

  zod@4.4.3: {}

  zustand@4.5.7(@types/react@19.2.7)(react@19.2.4):
    dependencies:
      use-sync-external-store: 1.6.0(react@19.2.4)
    optionalDependencies:
      '@types/react': 19.2.7
      react: 19.2.4
